
Microsoft Visual Studio Solution File, Format Version 12.00
# Visual Studio Version 17
VisualStudioVersion = 17.2.32630.192
MinimumVisualStudioVersion = 10.0.40219.1
Project("{FAE04EC0-301F-11D3-BF4B-00C04F79EFBC}") = "BookStore", "BookStore\BookStore.csproj", "{9218BA25-18D3-4670-91D9-26A22EF4670F}"
EndProject
Project("{FAE04EC0-301F-11D3-BF4B-00C04F79EFBC}") = "StoreTests", "StoreTests\StoreTests.csproj", "{3A46FEFE-4D02-448A-878D-923AC0A8A307}"
EndProject
Project("{FAE04EC0-301F-11D3-BF4B-00C04F79EFBC}") = "StoreData", "StoreData\StoreData.csproj", "{49224A30-6881-4DDC-9F47-7C0E5BE3A09C}"
EndProject
Global
	GlobalSection(SolutionConfigurationPlatforms) = preSolution
		Debug|Any CPU = Debug|Any CPU
		Release|Any CPU = Release|Any CPU
	EndGlobalSection
	GlobalSection(ProjectConfigurationPlatforms) = postSolution
		{9218BA25-18D3-4670-91D9-26A22EF4670F}.Debug|Any CPU.ActiveCfg = Debug|Any CPU
		{9218BA25-18D3-4670-91D9-26A22EF4670F}.Debug|Any CPU.Build.0 = Debug|Any CPU
		{9218BA25-18D3-4670-91D9-26A22EF4670F}.Release|Any CPU.ActiveCfg = Release|Any CPU
		{9218BA25-18D3-4670-91D9-26A22EF4670F}.Release|Any CPU.Build.0 = Release|Any CPU
		{3A46FEFE-4D02-448A-878D-923AC0A8A307}.Debug|Any CPU.ActiveCfg = Debug|Any CPU
		{3A46FEFE-4D02-448A-878D-923AC0A8A307}.Debug|Any CPU.Build.0 = Debug|Any CPU
		{3A46FEFE-4D02-448A-878D-923AC0A8A307}.Release|Any CPU.ActiveCfg = Release|Any CPU
		{3A46FEFE-4D02-448A-878D-923AC0A8A307}.Release|Any CPU.Build.0 = Release|Any CPU
		{49224A30-6881-4DDC-9F47-7C0E5BE3A09C}.Debug|Any CPU.ActiveCfg = Debug|Any CPU
		{49224A30-6881-4DDC-9F47-7C0E5BE3A09C}.Debug|Any CPU.Build.0 = Debug|Any CPU
		{49224A30-6881-4DDC-9F47-7C0E5BE3A09C}.Release|Any CPU.ActiveCfg = Release|Any CPU
		{49224A30-6881-4DDC-9F47-7C0E5BE3A09C}.Release|Any CPU.Build.0 = Release|Any CPU
	EndGlobalSection
	GlobalSection(SolutionProperties) = preSolution
		HideSolutionNode = FALSE
	EndGlobalSection
	GlobalSection(ExtensibilityGlobals) = postSolution
		SolutionGuid = {5BB76307-68AF-401E-A928-DDBD4B1EE253}
	EndGlobalSection
EndGlobal
